
Microsoft Visual Studio Solution File, Format Version 12.00
# Visual Studio Version 17
VisualStudioVersion = 17.13.35806.99 d17.13
MinimumVisualStudioVersion = 10.0.40219.1
Project("{FAE04EC0-301F-11D3-BF4B-00C04F79EFBC}") = "CET 2007 WS W4", "CET 2007 WS W4\CET 2007 WS W4.csproj", "{72401428-850B-4932-9191-CD601B0D7425}"
EndProject
Global
	GlobalSection(SolutionConfigurationPlatforms) = preSolution
		Debug|Any CPU = Debug|Any CPU
		Release|Any CPU = Release|Any CPU
	EndGlobalSection
	GlobalSection(ProjectConfigurationPlatforms) = postSolution
		{72401428-850B-4932-9191-CD601B0D7425}.Debug|Any CPU.ActiveCfg = Debug|Any CPU
		{72401428-850B-4932-9191-CD601B0D7425}.Debug|Any CPU.Build.0 = Debug|Any CPU
		{72401428-850B-4932-9191-CD601B0D7425}.Release|Any CPU.ActiveCfg = Release|Any CPU
		{72401428-850B-4932-9191-CD601B0D7425}.Release|Any CPU.Build.0 = Release|Any CPU
	EndGlobalSection
	GlobalSection(SolutionProperties) = preSolution
		HideSolutionNode = FALSE
	EndGlobalSection
	GlobalSection(ExtensibilityGlobals) = postSolution
		SolutionGuid = {F5963FBD-831C-44C8-B43C-EF8430EFE6AE}
	EndGlobalSection
EndGlobal
